
Microsoft Visual Studio Solution File, Format Version 12.00
# Visual Studio Version 17
VisualStudioVersion = 17.1.32421.90
MinimumVisualStudioVersion = 10.0.40219.1
Project("{FAE04EC0-301F-11D3-BF4B-00C04F79EFBC}") = "Linq_5_All_Quantifier", "Linq_5_All_Quantifier\Linq_5_All_Quantifier.csproj", "{B4AC8714-2B69-48D1-B997-04FF24ADC308}"
EndProject
Global
	GlobalSection(SolutionConfigurationPlatforms) = preSolution
		Debug|Any CPU = Debug|Any CPU
		Release|Any CPU = Release|Any CPU
	EndGlobalSection
	GlobalSection(ProjectConfigurationPlatforms) = postSolution
		{B4AC8714-2B69-48D1-B997-04FF24ADC308}.Debug|Any CPU.ActiveCfg = Debug|Any CPU
		{B4AC8714-2B69-48D1-B997-04FF24ADC308}.Debug|Any CPU.Build.0 = Debug|Any CPU
		{B4AC8714-2B69-48D1-B997-04FF24ADC308}.Release|Any CPU.ActiveCfg = Release|Any CPU
		{B4AC8714-2B69-48D1-B997-04FF24ADC308}.Release|Any CPU.Build.0 = Release|Any CPU
	EndGlobalSection
	GlobalSection(SolutionProperties) = preSolution
		HideSolutionNode = FALSE
	EndGlobalSection
	GlobalSection(ExtensibilityGlobals) = postSolution
		SolutionGuid = {D65B9FBA-E7D3-4C58-A8EC-AB6A10C33297}
	EndGlobalSection
EndGlobal
